// !$*UTF8*$!
{
	archiveVersion = 1;
	classes = {
	};
	objectVersion = 46;
	objects = {

/* Begin PBXBuildFile section */
		C98F6BD114D844530019E817 /* StatecConditionalStatement.m in Sources */ = {isa = PBXBuildFile; fileRef = C98F6BD014D844530019E817 /* StatecConditionalStatement.m */; };
		C9A743AA14D6ECDE003E2DBA /* Foundation.framework in Frameworks */ = {isa = PBXBuildFile; fileRef = C9A743A914D6ECDE003E2DBA /* Foundation.framework */; };
		C9A743AD14D6ECDE003E2DBA /* main.m in Sources */ = {isa = PBXBuildFile; fileRef = C9A743AC14D6ECDE003E2DBA /* main.m */; };
		C9A743B114D6ECDE003E2DBA /* Statec.1 in CopyFiles */ = {isa = PBXBuildFile; fileRef = C9A743B014D6ECDE003E2DBA /* Statec.1 */; };
		C9A743B814D6ECF2003E2DBA /* CoreParse.framework in Frameworks */ = {isa = PBXBuildFile; fileRef = C9A743B714D6ECF2003E2DBA /* CoreParse.framework */; };
		C9A743BA14D6ED04003E2DBA /* CoreParse.framework in Copy Frameworks */ = {isa = PBXBuildFile; fileRef = C9A743B714D6ECF2003E2DBA /* CoreParse.framework */; };
		C9A743BF14D6ED3A003E2DBA /* StatecParser.m in Sources */ = {isa = PBXBuildFile; fileRef = C9A743BE14D6ED3A003E2DBA /* StatecParser.m */; };
		C9A743C814D6EE25003E2DBA /* StatecClass.m in Sources */ = {isa = PBXBuildFile; fileRef = C9A743C714D6EE25003E2DBA /* StatecClass.m */; };
		C9A743CE14D6F178003E2DBA /* StatecMethod.m in Sources */ = {isa = PBXBuildFile; fileRef = C9A743CD14D6F178003E2DBA /* StatecMethod.m */; };
		C9A743D114D6F189003E2DBA /* StatecVariable.m in Sources */ = {isa = PBXBuildFile; fileRef = C9A743D014D6F189003E2DBA /* StatecVariable.m */; };
		C9A743D414D6F210003E2DBA /* StatecProperty.m in Sources */ = {isa = PBXBuildFile; fileRef = C9A743D314D6F210003E2DBA /* StatecProperty.m */; };
		C9A743D814D7326E003E2DBA /* StatecArgument.m in Sources */ = {isa = PBXBuildFile; fileRef = C9A743D714D7326E003E2DBA /* StatecArgument.m */; };
		C9A743E014D765AC003E2DBA /* StatecMachine.m in Sources */ = {isa = PBXBuildFile; fileRef = C9A743DF14D765AC003E2DBA /* StatecMachine.m */; };
		C9A743E314D76BF2003E2DBA /* StatecInitial.m in Sources */ = {isa = PBXBuildFile; fileRef = C9A743E214D76BF2003E2DBA /* StatecInitial.m */; };
		C9A743E614D76C02003E2DBA /* StatecState.m in Sources */ = {isa = PBXBuildFile; fileRef = C9A743E514D76C02003E2DBA /* StatecState.m */; };
		C9A743E914D76C13003E2DBA /* StatecEnter.m in Sources */ = {isa = PBXBuildFile; fileRef = C9A743E814D76C13003E2DBA /* StatecEnter.m */; };
		C9A743EC14D76C22003E2DBA /* StatecExit.m in Sources */ = {isa = PBXBuildFile; fileRef = C9A743EB14D76C22003E2DBA /* StatecExit.m */; };
		C9A743EF14D76C2F003E2DBA /* StatecEvent.m in Sources */ = {isa = PBXBuildFile; fileRef = C9A743EE14D76C2E003E2DBA /* StatecEvent.m */; };
		C9A743F314D774FC003E2DBA /* StatecCompiler.m in Sources */ = {isa = PBXBuildFile; fileRef = C9A743F214D774FC003E2DBA /* StatecCompiler.m */; };
		C9A743F614D77827003E2DBA /* StatecTransition.m in Sources */ = {isa = PBXBuildFile; fileRef = C9A743F514D77826003E2DBA /* StatecTransition.m */; };
		C9A743F914D802E1003E2DBA /* StatecTypedef.m in Sources */ = {isa = PBXBuildFile; fileRef = C9A743F814D802E1003E2DBA /* StatecTypedef.m */; };
		C9A743FC14D805C7003E2DBA /* StatecEnumeration.m in Sources */ = {isa = PBXBuildFile; fileRef = C9A743FB14D805C6003E2DBA /* StatecEnumeration.m */; };
		C9A743FF14D807A2003E2DBA /* StatecType.m in Sources */ = {isa = PBXBuildFile; fileRef = C9A743FE14D807A1003E2DBA /* StatecType.m */; };
		C9A7440214D8096B003E2DBA /* StatecCompilationUnit.m in Sources */ = {isa = PBXBuildFile; fileRef = C9A7440114D8096A003E2DBA /* StatecCompilationUnit.m */; };
		C9A7440514D826E4003E2DBA /* StatecCodeStatement.m in Sources */ = {isa = PBXBuildFile; fileRef = C9A7440414D826E3003E2DBA /* StatecCodeStatement.m */; };
		C9A7440814D82830003E2DBA /* StatecStatementGroup.m in Sources */ = {isa = PBXBuildFile; fileRef = C9A7440714D8282F003E2DBA /* StatecStatementGroup.m */; };
		C9A7440B14D82897003E2DBA /* StatecStatement.m in Sources */ = {isa = PBXBuildFile; fileRef = C9A7440A14D82897003E2DBA /* StatecStatement.m */; };
/* End PBXBuildFile section */

/* Begin PBXCopyFilesBuildPhase section */
		C9A743A314D6ECDE003E2DBA /* CopyFiles */ = {
			isa = PBXCopyFilesBuildPhase;
			buildActionMask = 2147483647;
			dstPath = /usr/share/man/man1/;
			dstSubfolderSpec = 0;
			files = (
				C9A743B114D6ECDE003E2DBA /* Statec.1 in CopyFiles */,
			);
			runOnlyForDeploymentPostprocessing = 1;
		};
		C9A743B914D6ECF9003E2DBA /* Copy Frameworks */ = {
			isa = PBXCopyFilesBuildPhase;
			buildActionMask = 2147483647;
			dstPath = "";
			dstSubfolderSpec = 10;
			files = (
				C9A743BA14D6ED04003E2DBA /* CoreParse.framework in Copy Frameworks */,
			);
			name = "Copy Frameworks";
			runOnlyForDeploymentPostprocessing = 0;
		};
/* End PBXCopyFilesBuildPhase section */

/* Begin PBXFileReference section */
		C98F6BCF14D844520019E817 /* StatecConditionalStatement.h */ = {isa = PBXFileReference; fileEncoding = 4; lastKnownFileType = sourcecode.c.h; name = StatecConditionalStatement.h; path = Builder/StatecConditionalStatement.h; sourceTree = "<group>"; };
		C98F6BD014D844530019E817 /* StatecConditionalStatement.m */ = {isa = PBXFileReference; fileEncoding = 4; lastKnownFileType = sourcecode.c.objc; name = StatecConditionalStatement.m; path = Builder/StatecConditionalStatement.m; sourceTree = "<group>"; };
		C9A743A514D6ECDE003E2DBA /* Statec */ = {isa = PBXFileReference; explicitFileType = "compiled.mach-o.executable"; includeInIndex = 0; path = Statec; sourceTree = BUILT_PRODUCTS_DIR; };
		C9A743A914D6ECDE003E2DBA /* Foundation.framework */ = {isa = PBXFileReference; lastKnownFileType = wrapper.framework; name = Foundation.framework; path = System/Library/Frameworks/Foundation.framework; sourceTree = SDKROOT; };
		C9A743AC14D6ECDE003E2DBA /* main.m */ = {isa = PBXFileReference; lastKnownFileType = sourcecode.c.objc; path = main.m; sourceTree = "<group>"; };
		C9A743AF14D6ECDE003E2DBA /* Statec-Prefix.pch */ = {isa = PBXFileReference; lastKnownFileType = sourcecode.c.h; path = "Statec-Prefix.pch"; sourceTree = "<group>"; };
		C9A743B014D6ECDE003E2DBA /* Statec.1 */ = {isa = PBXFileReference; lastKnownFileType = text.man; path = Statec.1; sourceTree = "<group>"; };
		C9A743B714D6ECF2003E2DBA /* CoreParse.framework */ = {isa = PBXFileReference; lastKnownFileType = wrapper.framework; path = CoreParse.framework; sourceTree = "<group>"; };
		C9A743BD14D6ED3A003E2DBA /* StatecParser.h */ = {isa = PBXFileReference; fileEncoding = 4; lastKnownFileType = sourcecode.c.h; name = StatecParser.h; path = Parser/StatecParser.h; sourceTree = "<group>"; };
		C9A743BE14D6ED3A003E2DBA /* StatecParser.m */ = {isa = PBXFileReference; fileEncoding = 4; lastKnownFileType = sourcecode.c.objc; name = StatecParser.m; path = Parser/StatecParser.m; sourceTree = "<group>"; };
		C9A743C614D6EE25003E2DBA /* StatecClass.h */ = {isa = PBXFileReference; fileEncoding = 4; lastKnownFileType = sourcecode.c.h; name = StatecClass.h; path = Builder/StatecClass.h; sourceTree = "<group>"; };
		C9A743C714D6EE25003E2DBA /* StatecClass.m */ = {isa = PBXFileReference; fileEncoding = 4; lastKnownFileType = sourcecode.c.objc; name = StatecClass.m; path = Builder/StatecClass.m; sourceTree = "<group>"; };
		C9A743CC14D6F178003E2DBA /* StatecMethod.h */ = {isa = PBXFileReference; fileEncoding = 4; lastKnownFileType = sourcecode.c.h; name = StatecMethod.h; path = Builder/StatecMethod.h; sourceTree = "<group>"; };
		C9A743CD14D6F178003E2DBA /* StatecMethod.m */ = {isa = PBXFileReference; fileEncoding = 4; lastKnownFileType = sourcecode.c.objc; name = StatecMethod.m; path = Builder/StatecMethod.m; sourceTree = "<group>"; };
		C9A743CF14D6F189003E2DBA /* StatecVariable.h */ = {isa = PBXFileReference; fileEncoding = 4; lastKnownFileType = sourcecode.c.h; name = StatecVariable.h; path = Builder/StatecVariable.h; sourceTree = "<group>"; };
		C9A743D014D6F189003E2DBA /* StatecVariable.m */ = {isa = PBXFileReference; fileEncoding = 4; lastKnownFileType = sourcecode.c.objc; name = StatecVariable.m; path = Builder/StatecVariable.m; sourceTree = "<group>"; };
		C9A743D214D6F210003E2DBA /* StatecProperty.h */ = {isa = PBXFileReference; fileEncoding = 4; lastKnownFileType = sourcecode.c.h; name = StatecProperty.h; path = Builder/StatecProperty.h; sourceTree = "<group>"; };
		C9A743D314D6F210003E2DBA /* StatecProperty.m */ = {isa = PBXFileReference; fileEncoding = 4; lastKnownFileType = sourcecode.c.objc; name = StatecProperty.m; path = Builder/StatecProperty.m; sourceTree = "<group>"; };
		C9A743D514D70BB0003E2DBA /* Statec.h */ = {isa = PBXFileReference; fileEncoding = 4; lastKnownFileType = sourcecode.c.h; path = Statec.h; sourceTree = "<group>"; };
		C9A743D614D7326E003E2DBA /* StatecArgument.h */ = {isa = PBXFileReference; fileEncoding = 4; lastKnownFileType = sourcecode.c.h; name = StatecArgument.h; path = Builder/StatecArgument.h; sourceTree = "<group>"; };
		C9A743D714D7326E003E2DBA /* StatecArgument.m */ = {isa = PBXFileReference; fileEncoding = 4; lastKnownFileType = sourcecode.c.objc; name = StatecArgument.m; path = Builder/StatecArgument.m; sourceTree = "<group>"; };
		C9A743DE14D765AC003E2DBA /* StatecMachine.h */ = {isa = PBXFileReference; fileEncoding = 4; lastKnownFileType = sourcecode.c.h; name = StatecMachine.h; path = Parser/StatecMachine.h; sourceTree = "<group>"; };
		C9A743DF14D765AC003E2DBA /* StatecMachine.m */ = {isa = PBXFileReference; fileEncoding = 4; lastKnownFileType = sourcecode.c.objc; name = StatecMachine.m; path = Parser/StatecMachine.m; sourceTree = "<group>"; };
		C9A743E114D76BF2003E2DBA /* StatecInitial.h */ = {isa = PBXFileReference; fileEncoding = 4; lastKnownFileType = sourcecode.c.h; name = StatecInitial.h; path = Parser/StatecInitial.h; sourceTree = "<group>"; };
		C9A743E214D76BF2003E2DBA /* StatecInitial.m */ = {isa = PBXFileReference; fileEncoding = 4; lastKnownFileType = sourcecode.c.objc; name = StatecInitial.m; path = Parser/StatecInitial.m; sourceTree = "<group>"; };
		C9A743E414D76C02003E2DBA /* StatecState.h */ = {isa = PBXFileReference; fileEncoding = 4; lastKnownFileType = sourcecode.c.h; name = StatecState.h; path = Parser/StatecState.h; sourceTree = "<group>"; };
		C9A743E514D76C02003E2DBA /* StatecState.m */ = {isa = PBXFileReference; fileEncoding = 4; lastKnownFileType = sourcecode.c.objc; name = StatecState.m; path = Parser/StatecState.m; sourceTree = "<group>"; };
		C9A743E714D76C13003E2DBA /* StatecEnter.h */ = {isa = PBXFileReference; fileEncoding = 4; lastKnownFileType = sourcecode.c.h; name = StatecEnter.h; path = Parser/StatecEnter.h; sourceTree = "<group>"; };
		C9A743E814D76C13003E2DBA /* StatecEnter.m */ = {isa = PBXFileReference; fileEncoding = 4; lastKnownFileType = sourcecode.c.objc; name = StatecEnter.m; path = Parser/StatecEnter.m; sourceTree = "<group>"; };
		C9A743EA14D76C22003E2DBA /* StatecExit.h */ = {isa = PBXFileReference; fileEncoding = 4; lastKnownFileType = sourcecode.c.h; name = StatecExit.h; path = Parser/StatecExit.h; sourceTree = "<group>"; };
		C9A743EB14D76C22003E2DBA /* StatecExit.m */ = {isa = PBXFileReference; fileEncoding = 4; lastKnownFileType = sourcecode.c.objc; name = StatecExit.m; path = Parser/StatecExit.m; sourceTree = "<group>"; };
		C9A743ED14D76C2E003E2DBA /* StatecEvent.h */ = {isa = PBXFileReference; fileEncoding = 4; lastKnownFileType = sourcecode.c.h; path = StatecEvent.h; sourceTree = "<group>"; };
		C9A743EE14D76C2E003E2DBA /* StatecEvent.m */ = {isa = PBXFileReference; fileEncoding = 4; lastKnownFileType = sourcecode.c.objc; path = StatecEvent.m; sourceTree = "<group>"; };
		C9A743F114D774FC003E2DBA /* StatecCompiler.h */ = {isa = PBXFileReference; fileEncoding = 4; lastKnownFileType = sourcecode.c.h; name = StatecCompiler.h; path = Compiler/StatecCompiler.h; sourceTree = "<group>"; };
		C9A743F214D774FC003E2DBA /* StatecCompiler.m */ = {isa = PBXFileReference; fileEncoding = 4; lastKnownFileType = sourcecode.c.objc; name = StatecCompiler.m; path = Compiler/StatecCompiler.m; sourceTree = "<group>"; };
		C9A743F414D77826003E2DBA /* StatecTransition.h */ = {isa = PBXFileReference; fileEncoding = 4; lastKnownFileType = sourcecode.c.h; name = StatecTransition.h; path = Parser/StatecTransition.h; sourceTree = "<group>"; };
		C9A743F514D77826003E2DBA /* StatecTransition.m */ = {isa = PBXFileReference; fileEncoding = 4; lastKnownFileType = sourcecode.c.objc; name = StatecTransition.m; path = Parser/StatecTransition.m; sourceTree = "<group>"; };
		C9A743F714D802E1003E2DBA /* StatecTypedef.h */ = {isa = PBXFileReference; fileEncoding = 4; lastKnownFileType = sourcecode.c.h; name = StatecTypedef.h; path = Builder/StatecTypedef.h; sourceTree = "<group>"; };
		C9A743F814D802E1003E2DBA /* StatecTypedef.m */ = {isa = PBXFileReference; fileEncoding = 4; lastKnownFileType = sourcecode.c.objc; name = StatecTypedef.m; path = Builder/StatecTypedef.m; sourceTree = "<group>"; };
		C9A743FA14D805C6003E2DBA /* StatecEnumeration.h */ = {isa = PBXFileReference; fileEncoding = 4; lastKnownFileType = sourcecode.c.h; name = StatecEnumeration.h; path = Builder/StatecEnumeration.h; sourceTree = "<group>"; };
		C9A743FB14D805C6003E2DBA /* StatecEnumeration.m */ = {isa = PBXFileReference; fileEncoding = 4; lastKnownFileType = sourcecode.c.objc; name = StatecEnumeration.m; path = Builder/StatecEnumeration.m; sourceTree = "<group>"; };
		C9A743FD14D807A1003E2DBA /* StatecType.h */ = {isa = PBXFileReference; fileEncoding = 4; lastKnownFileType = sourcecode.c.h; name = StatecType.h; path = Builder/StatecType.h; sourceTree = "<group>"; };
		C9A743FE14D807A1003E2DBA /* StatecType.m */ = {isa = PBXFileReference; fileEncoding = 4; lastKnownFileType = sourcecode.c.objc; name = StatecType.m; path = Builder/StatecType.m; sourceTree = "<group>"; };
		C9A7440014D8096A003E2DBA /* StatecCompilationUnit.h */ = {isa = PBXFileReference; fileEncoding = 4; lastKnownFileType = sourcecode.c.h; name = StatecCompilationUnit.h; path = Builder/StatecCompilationUnit.h; sourceTree = "<group>"; };
		C9A7440114D8096A003E2DBA /* StatecCompilationUnit.m */ = {isa = PBXFileReference; fileEncoding = 4; lastKnownFileType = sourcecode.c.objc; name = StatecCompilationUnit.m; path = Builder/StatecCompilationUnit.m; sourceTree = "<group>"; };
		C9A7440314D826E2003E2DBA /* StatecCodeStatement.h */ = {isa = PBXFileReference; fileEncoding = 4; lastKnownFileType = sourcecode.c.h; name = StatecCodeStatement.h; path = Builder/StatecCodeStatement.h; sourceTree = "<group>"; };
		C9A7440414D826E3003E2DBA /* StatecCodeStatement.m */ = {isa = PBXFileReference; fileEncoding = 4; lastKnownFileType = sourcecode.c.objc; name = StatecCodeStatement.m; path = Builder/StatecCodeStatement.m; sourceTree = "<group>"; };
		C9A7440614D8282E003E2DBA /* StatecStatementGroup.h */ = {isa = PBXFileReference; fileEncoding = 4; lastKnownFileType = sourcecode.c.h; name = StatecStatementGroup.h; path = Builder/StatecStatementGroup.h; sourceTree = "<group>"; };
		C9A7440714D8282F003E2DBA /* StatecStatementGroup.m */ = {isa = PBXFileReference; fileEncoding = 4; lastKnownFileType = sourcecode.c.objc; name = StatecStatementGroup.m; path = Builder/StatecStatementGroup.m; sourceTree = "<group>"; };
		C9A7440914D82896003E2DBA /* StatecStatement.h */ = {isa = PBXFileReference; fileEncoding = 4; lastKnownFileType = sourcecode.c.h; name = StatecStatement.h; path = Builder/StatecStatement.h; sourceTree = "<group>"; };
		C9A7440A14D82897003E2DBA /* StatecStatement.m */ = {isa = PBXFileReference; fileEncoding = 4; lastKnownFileType = sourcecode.c.objc; name = StatecStatement.m; path = Builder/StatecStatement.m; sourceTree = "<group>"; };
/* End PBXFileReference section */

/* Begin PBXFrameworksBuildPhase section */
		C9A743A214D6ECDE003E2DBA /* Frameworks */ = {
			isa = PBXFrameworksBuildPhase;
			buildActionMask = 2147483647;
			files = (
				C9A743AA14D6ECDE003E2DBA /* Foundation.framework in Frameworks */,
				C9A743B814D6ECF2003E2DBA /* CoreParse.framework in Frameworks */,
			);
			runOnlyForDeploymentPostprocessing = 0;
		};
/* End PBXFrameworksBuildPhase section */

/* Begin PBXGroup section */
		C9A7439A14D6ECDE003E2DBA = {
			isa = PBXGroup;
			children = (
				C9A743AB14D6ECDE003E2DBA /* Statec */,
				C9A743A814D6ECDE003E2DBA /* Frameworks */,
				C9A743A614D6ECDE003E2DBA /* Products */,
			);
			sourceTree = "<group>";
		};
		C9A743A614D6ECDE003E2DBA /* Products */ = {
			isa = PBXGroup;
			children = (
				C9A743A514D6ECDE003E2DBA /* Statec */,
			);
			name = Products;
			sourceTree = "<group>";
		};
		C9A743A814D6ECDE003E2DBA /* Frameworks */ = {
			isa = PBXGroup;
			children = (
				C9A743B714D6ECF2003E2DBA /* CoreParse.framework */,
				C9A743A914D6ECDE003E2DBA /* Foundation.framework */,
			);
			name = Frameworks;
			sourceTree = "<group>";
		};
		C9A743AB14D6ECDE003E2DBA /* Statec */ = {
			isa = PBXGroup;
			children = (
				C9A743F014D774E2003E2DBA /* Compiler */,
				C9A743BC14D6ED14003E2DBA /* Builder */,
				C9A743BB14D6ED0C003E2DBA /* Parser */,
				C9A743AC14D6ECDE003E2DBA /* main.m */,
				C9A743B014D6ECDE003E2DBA /* Statec.1 */,
				C9A743AE14D6ECDE003E2DBA /* Supporting Files */,
				C9A743D514D70BB0003E2DBA /* Statec.h */,
			);
			path = Statec;
			sourceTree = "<group>";
		};
		C9A743AE14D6ECDE003E2DBA /* Supporting Files */ = {
			isa = PBXGroup;
			children = (
				C9A743AF14D6ECDE003E2DBA /* Statec-Prefix.pch */,
			);
			name = "Supporting Files";
			sourceTree = "<group>";
		};
		C9A743BB14D6ED0C003E2DBA /* Parser */ = {
			isa = PBXGroup;
			children = (
				C9A743BD14D6ED3A003E2DBA /* StatecParser.h */,
				C9A743BE14D6ED3A003E2DBA /* StatecParser.m */,
				C9A743DE14D765AC003E2DBA /* StatecMachine.h */,
				C9A743DF14D765AC003E2DBA /* StatecMachine.m */,
				C9A743E114D76BF2003E2DBA /* StatecInitial.h */,
				C9A743E214D76BF2003E2DBA /* StatecInitial.m */,
				C9A743E414D76C02003E2DBA /* StatecState.h */,
				C9A743E514D76C02003E2DBA /* StatecState.m */,
				C9A743E714D76C13003E2DBA /* StatecEnter.h */,
				C9A743E814D76C13003E2DBA /* StatecEnter.m */,
				C9A743EA14D76C22003E2DBA /* StatecExit.h */,
				C9A743EB14D76C22003E2DBA /* StatecExit.m */,
				C9A743ED14D76C2E003E2DBA /* StatecEvent.h */,
				C9A743EE14D76C2E003E2DBA /* StatecEvent.m */,
				C9A743F414D77826003E2DBA /* StatecTransition.h */,
				C9A743F514D77826003E2DBA /* StatecTransition.m */,
			);
			name = Parser;
			sourceTree = "<group>";
		};
		C9A743BC14D6ED14003E2DBA /* Builder */ = {
			isa = PBXGroup;
			children = (
				C9A743C614D6EE25003E2DBA /* StatecClass.h */,
				C9A743C714D6EE25003E2DBA /* StatecClass.m */,
				C9A743CC14D6F178003E2DBA /* StatecMethod.h */,
				C9A743CD14D6F178003E2DBA /* StatecMethod.m */,
				C9A743CF14D6F189003E2DBA /* StatecVariable.h */,
				C9A743D014D6F189003E2DBA /* StatecVariable.m */,
				C9A743D214D6F210003E2DBA /* StatecProperty.h */,
				C9A743D314D6F210003E2DBA /* StatecProperty.m */,
				C9A743D614D7326E003E2DBA /* StatecArgument.h */,
				C9A743D714D7326E003E2DBA /* StatecArgument.m */,
				C9A743F714D802E1003E2DBA /* StatecTypedef.h */,
				C9A743F814D802E1003E2DBA /* StatecTypedef.m */,
				C9A743FA14D805C6003E2DBA /* StatecEnumeration.h */,
				C9A743FB14D805C6003E2DBA /* StatecEnumeration.m */,
				C9A743FD14D807A1003E2DBA /* StatecType.h */,
				C9A743FE14D807A1003E2DBA /* StatecType.m */,
				C9A7440014D8096A003E2DBA /* StatecCompilationUnit.h */,
				C9A7440114D8096A003E2DBA /* StatecCompilationUnit.m */,
				C9A7440314D826E2003E2DBA /* StatecCodeStatement.h */,
				C9A7440414D826E3003E2DBA /* StatecCodeStatement.m */,
				C9A7440614D8282E003E2DBA /* StatecStatementGroup.h */,
				C9A7440714D8282F003E2DBA /* StatecStatementGroup.m */,
				C9A7440914D82896003E2DBA /* StatecStatement.h */,
				C9A7440A14D82897003E2DBA /* StatecStatement.m */,
				C98F6BCF14D844520019E817 /* StatecConditionalStatement.h */,
				C98F6BD014D844530019E817 /* StatecConditionalStatement.m */,
			);
			name = Builder;
			sourceTree = "<group>";
		};
		C9A743F014D774E2003E2DBA /* Compiler */ = {
			isa = PBXGroup;
			children = (
				C9A743F114D774FC003E2DBA /* StatecCompiler.h */,
				C9A743F214D774FC003E2DBA /* StatecCompiler.m */,
			);
			name = Compiler;
			sourceTree = "<group>";
		};
/* End PBXGroup section */

/* Begin PBXNativeTarget section */
		C9A743A414D6ECDE003E2DBA /* Statec */ = {
			isa = PBXNativeTarget;
			buildConfigurationList = C9A743B414D6ECDE003E2DBA /* Build configuration list for PBXNativeTarget "Statec" */;
			buildPhases = (
				C9A743A114D6ECDE003E2DBA /* Sources */,
				C9A743A214D6ECDE003E2DBA /* Frameworks */,
				C9A743A314D6ECDE003E2DBA /* CopyFiles */,
				C9A743B914D6ECF9003E2DBA /* Copy Frameworks */,
			);
			buildRules = (
			);
			dependencies = (
			);
			name = Statec;
			productName = Statec;
			productReference = C9A743A514D6ECDE003E2DBA /* Statec */;
			productType = "com.apple.product-type.tool";
		};
/* End PBXNativeTarget section */

/* Begin PBXProject section */
		C9A7439C14D6ECDE003E2DBA /* Project object */ = {
			isa = PBXProject;
			attributes = {
				LastUpgradeCheck = 0420;
			};
			buildConfigurationList = C9A7439F14D6ECDE003E2DBA /* Build configuration list for PBXProject "Statec" */;
			compatibilityVersion = "Xcode 3.2";
			developmentRegion = English;
			hasScannedForEncodings = 0;
			knownRegions = (
				en,
			);
			mainGroup = C9A7439A14D6ECDE003E2DBA;
			productRefGroup = C9A743A614D6ECDE003E2DBA /* Products */;
			projectDirPath = "";
			projectRoot = "";
			targets = (
				C9A743A414D6ECDE003E2DBA /* Statec */,
			);
		};
/* End PBXProject section */

/* Begin PBXSourcesBuildPhase section */
		C9A743A114D6ECDE003E2DBA /* Sources */ = {
			isa = PBXSourcesBuildPhase;
			buildActionMask = 2147483647;
			files = (
				C9A743AD14D6ECDE003E2DBA /* main.m in Sources */,
				C9A743BF14D6ED3A003E2DBA /* StatecParser.m in Sources */,
				C9A743C814D6EE25003E2DBA /* StatecClass.m in Sources */,
				C9A743CE14D6F178003E2DBA /* StatecMethod.m in Sources */,
				C9A743D114D6F189003E2DBA /* StatecVariable.m in Sources */,
				C9A743D414D6F210003E2DBA /* StatecProperty.m in Sources */,
				C9A743D814D7326E003E2DBA /* StatecArgument.m in Sources */,
				C9A743E014D765AC003E2DBA /* StatecMachine.m in Sources */,
				C9A743E314D76BF2003E2DBA /* StatecInitial.m in Sources */,
				C9A743E614D76C02003E2DBA /* StatecState.m in Sources */,
				C9A743E914D76C13003E2DBA /* StatecEnter.m in Sources */,
				C9A743EC14D76C22003E2DBA /* StatecExit.m in Sources */,
				C9A743EF14D76C2F003E2DBA /* StatecEvent.m in Sources */,
				C9A743F314D774FC003E2DBA /* StatecCompiler.m in Sources */,
				C9A743F614D77827003E2DBA /* StatecTransition.m in Sources */,
				C9A743F914D802E1003E2DBA /* StatecTypedef.m in Sources */,
				C9A743FC14D805C7003E2DBA /* StatecEnumeration.m in Sources */,
				C9A743FF14D807A2003E2DBA /* StatecType.m in Sources */,
				C9A7440214D8096B003E2DBA /* StatecCompilationUnit.m in Sources */,
				C9A7440514D826E4003E2DBA /* StatecCodeStatement.m in Sources */,
				C9A7440814D82830003E2DBA /* StatecStatementGroup.m in Sources */,
				C9A7440B14D82897003E2DBA /* StatecStatement.m in Sources */,
				C98F6BD114D844530019E817 /* StatecConditionalStatement.m in Sources */,
			);
			runOnlyForDeploymentPostprocessing = 0;
		};
/* End PBXSourcesBuildPhase section */

/* Begin XCBuildConfiguration section */
		C9A743B214D6ECDE003E2DBA /* Debug */ = {
			isa = XCBuildConfiguration;
			buildSettings = {
				ALWAYS_SEARCH_USER_PATHS = NO;
				ARCHS = "$(ARCHS_STANDARD_64_BIT)";
				CLANG_ENABLE_OBJC_ARC = YES;
				COPY_PHASE_STRIP = NO;
				GCC_C_LANGUAGE_STANDARD = gnu99;
				GCC_DYNAMIC_NO_PIC = NO;
				GCC_ENABLE_OBJC_EXCEPTIONS = YES;
				GCC_OPTIMIZATION_LEVEL = 0;
				GCC_PREPROCESSOR_DEFINITIONS = (
					"DEBUG=1",
					"$(inherited)",
				);
				GCC_SYMBOLS_PRIVATE_EXTERN = NO;
				GCC_VERSION = com.apple.compilers.llvm.clang.1_0;
				GCC_WARN_64_TO_32_BIT_CONVERSION = YES;
				GCC_WARN_ABOUT_MISSING_PROTOTYPES = YES;
				GCC_WARN_ABOUT_RETURN_TYPE = YES;
				GCC_WARN_UNUSED_VARIABLE = YES;
				MACOSX_DEPLOYMENT_TARGET = 10.7;
				ONLY_ACTIVE_ARCH = YES;
				SDKROOT = macosx;
			};
			name = Debug;
		};
		C9A743B314D6ECDE003E2DBA /* Release */ = {
			isa = XCBuildConfiguration;
			buildSettings = {
				ALWAYS_SEARCH_USER_PATHS = NO;
				ARCHS = "$(ARCHS_STANDARD_64_BIT)";
				CLANG_ENABLE_OBJC_ARC = YES;
				COPY_PHASE_STRIP = YES;
				DEBUG_INFORMATION_FORMAT = "dwarf-with-dsym";
				GCC_C_LANGUAGE_STANDARD = gnu99;
				GCC_ENABLE_OBJC_EXCEPTIONS = YES;
				GCC_VERSION = com.apple.compilers.llvm.clang.1_0;
				GCC_WARN_64_TO_32_BIT_CONVERSION = YES;
				GCC_WARN_ABOUT_MISSING_PROTOTYPES = YES;
				GCC_WARN_ABOUT_RETURN_TYPE = YES;
				GCC_WARN_UNUSED_VARIABLE = YES;
				MACOSX_DEPLOYMENT_TARGET = 10.7;
				SDKROOT = macosx;
			};
			name = Release;
		};
		C9A743B514D6ECDE003E2DBA /* Debug */ = {
			isa = XCBuildConfiguration;
			buildSettings = {
				FRAMEWORK_SEARCH_PATHS = (
					"$(inherited)",
					"\"$(SRCROOT)\"",
				);
				GCC_PRECOMPILE_PREFIX_HEADER = YES;
				GCC_PREFIX_HEADER = "Statec/Statec-Prefix.pch";
				PRODUCT_NAME = "$(TARGET_NAME)";
			};
			name = Debug;
		};
		C9A743B614D6ECDE003E2DBA /* Release */ = {
			isa = XCBuildConfiguration;
			buildSettings = {
				FRAMEWORK_SEARCH_PATHS = (
					"$(inherited)",
					"\"$(SRCROOT)\"",
				);
				GCC_PRECOMPILE_PREFIX_HEADER = YES;
				GCC_PREFIX_HEADER = "Statec/Statec-Prefix.pch";
				PRODUCT_NAME = "$(TARGET_NAME)";
			};
			name = Release;
		};
/* End XCBuildConfiguration section */

/* Begin XCConfigurationList section */
		C9A7439F14D6ECDE003E2DBA /* Build configuration list for PBXProject "Statec" */ = {
			isa = XCConfigurationList;
			buildConfigurations = (
				C9A743B214D6ECDE003E2DBA /* Debug */,
				C9A743B314D6ECDE003E2DBA /* Release */,
			);
			defaultConfigurationIsVisible = 0;
			defaultConfigurationName = Release;
		};
		C9A743B414D6ECDE003E2DBA /* Build configuration list for PBXNativeTarget "Statec" */ = {
			isa = XCConfigurationList;
			buildConfigurations = (
				C9A743B514D6ECDE003E2DBA /* Debug */,
				C9A743B614D6ECDE003E2DBA /* Release */,
			);
			defaultConfigurationIsVisible = 0;
			defaultConfigurationName = Release;
		};
/* End XCConfigurationList section */
	};
	rootObject = C9A7439C14D6ECDE003E2DBA /* Project object */;
}
